
Microsoft Visual Studio Solution File, Format Version 12.00
# Visual Studio Version 17
VisualStudioVersion = 17.10.34928.147
MinimumVisualStudioVersion = 10.0.40219.1
Project("{9A19103F-16F7-4668-BE54-9A1E7A4F7556}") = "CarAuction.API", "CarAuction.API\CarAuction.API.csproj", "{A1BD5382-745A-47CA-88B9-9418CC778F07}"
EndProject
Project("{9A19103F-16F7-4668-BE54-9A1E7A4F7556}") = "CarAuction.Application", "CarAuction.Application\CarAuction.Application.csproj", "{8B1D501C-684F-433E-972F-C31E10CE2EE0}"
EndProject
Project("{9A19103F-16F7-4668-BE54-9A1E7A4F7556}") = "CarAuction.Domain", "CarAuction.Domain\CarAuction.Domain.csproj", "{ECBF5693-D6E6-4420-AE8A-41AAA663340F}"
EndProject
Project("{9A19103F-16F7-4668-BE54-9A1E7A4F7556}") = "CarAuction.Infrastructure", "CarAuction.Infrastructure\CarAuction.Infrastructure.csproj", "{15CAA993-2DE8-4398-ABAE-41A906AA6C89}"
EndProject
Project("{FAE04EC0-301F-11D3-BF4B-00C04F79EFBC}") = "CarAuction.UnitTests", "CarAuction.UnitTests\CarAuction.UnitTests.csproj", "{D0E9C969-F2B2-4F08-ACAE-BC4A2A51CFC3}"
EndProject
Global
	GlobalSection(SolutionConfigurationPlatforms) = preSolution
		Debug|Any CPU = Debug|Any CPU
		Release|Any CPU = Release|Any CPU
	EndGlobalSection
	GlobalSection(ProjectConfigurationPlatforms) = postSolution
		{A1BD5382-745A-47CA-88B9-9418CC778F07}.Debug|Any CPU.ActiveCfg = Debug|Any CPU
		{A1BD5382-745A-47CA-88B9-9418CC778F07}.Debug|Any CPU.Build.0 = Debug|Any CPU
		{A1BD5382-745A-47CA-88B9-9418CC778F07}.Release|Any CPU.ActiveCfg = Release|Any CPU
		{A1BD5382-745A-47CA-88B9-9418CC778F07}.Release|Any CPU.Build.0 = Release|Any CPU
		{8B1D501C-684F-433E-972F-C31E10CE2EE0}.Debug|Any CPU.ActiveCfg = Debug|Any CPU
		{8B1D501C-684F-433E-972F-C31E10CE2EE0}.Debug|Any CPU.Build.0 = Debug|Any CPU
		{8B1D501C-684F-433E-972F-C31E10CE2EE0}.Release|Any CPU.ActiveCfg = Release|Any CPU
		{8B1D501C-684F-433E-972F-C31E10CE2EE0}.Release|Any CPU.Build.0 = Release|Any CPU
		{ECBF5693-D6E6-4420-AE8A-41AAA663340F}.Debug|Any CPU.ActiveCfg = Debug|Any CPU
		{ECBF5693-D6E6-4420-AE8A-41AAA663340F}.Debug|Any CPU.Build.0 = Debug|Any CPU
		{ECBF5693-D6E6-4420-AE8A-41AAA663340F}.Release|Any CPU.ActiveCfg = Release|Any CPU
		{ECBF5693-D6E6-4420-AE8A-41AAA663340F}.Release|Any CPU.Build.0 = Release|Any CPU
		{15CAA993-2DE8-4398-ABAE-41A906AA6C89}.Debug|Any CPU.ActiveCfg = Debug|Any CPU
		{15CAA993-2DE8-4398-ABAE-41A906AA6C89}.Debug|Any CPU.Build.0 = Debug|Any CPU
		{15CAA993-2DE8-4398-ABAE-41A906AA6C89}.Release|Any CPU.ActiveCfg = Release|Any CPU
		{15CAA993-2DE8-4398-ABAE-41A906AA6C89}.Release|Any CPU.Build.0 = Release|Any CPU
		{D0E9C969-F2B2-4F08-ACAE-BC4A2A51CFC3}.Debug|Any CPU.ActiveCfg = Debug|Any CPU
		{D0E9C969-F2B2-4F08-ACAE-BC4A2A51CFC3}.Debug|Any CPU.Build.0 = Debug|Any CPU
		{D0E9C969-F2B2-4F08-ACAE-BC4A2A51CFC3}.Release|Any CPU.ActiveCfg = Release|Any CPU
		{D0E9C969-F2B2-4F08-ACAE-BC4A2A51CFC3}.Release|Any CPU.Build.0 = Release|Any CPU
	EndGlobalSection
	GlobalSection(SolutionProperties) = preSolution
		HideSolutionNode = FALSE
	EndGlobalSection
	GlobalSection(ExtensibilityGlobals) = postSolution
		SolutionGuid = {AE683403-DC20-4FD3-8F08-56FC539A4B26}
	EndGlobalSection
EndGlobal
